half-nothing.cn/service-core v1.2.3 h1:EyOpJrgTeNgvKcEieXEAcuCdjZNZtlZUSJwd59Lph+s=
half-nothing.cn/service-core v1.2.3/go.mod h1:5AQOW9sYRXxTvNpcd0p9gabpFeiRam0y5ZmUXL1upZE=
half-nothing.cn/service-core v1.3.0 h1:lP74NvaD3R40t1K4J8WpT7jvbneNS1knpyoMUxxlfAQ=
half-nothing.cn/service-core v1.3.0/go.mod h1:G5f1HP7+bOtM0c+djfrCE22UU9+pRW56PHxRzrgi/eg=
